{
  "name": "@rtbnext/schema",
  "version": "2.0.0",
  "lockfileVersion": 3,
  "requires": true,
  "packages": {
    "": {
      "name": "@rtbnext/schema",
      "version": "2.0.0",
      "license": "MIT",
      "dependencies": {
        "devtypes": "^2.0.0"
      }
    },
    "node_modules/devtypes": {
      "version": "2.0.0",
      "resolved": "https://registry.npmjs.org/devtypes/-/devtypes-2.0.0.tgz",
      "integrity": "sha512-gAB7qGCwFNDsFbWMtXZSYd884Kvv7o7l/XK6MbvQi3IsoqI/6I+neV8PmJIStFUVn3MF7bnw1oKBMB6tfqCYTg==",
      "license": "MIT",
      "engines": {
        "node": ">=18.0.0"
      }
    }
  }
}
