{
  "name": "@rtbnext/schema",
  "version": "2.0.0",
  "lockfileVersion": 3,
  "requires": true,
  "packages": {
    "": {
      "name": "@rtbnext/schema",
      "version": "2.0.0",
      "license": "MIT",
      "dependencies": {
        "devtypes": "^2.0.0"
      }
    },
    "node_modules/devtypes": {
      "version": "2.1.0",
      "resolved": "https://registry.npmjs.org/devtypes/-/devtypes-2.1.0.tgz",
      "integrity": "sha512-NJ0L0Fs8VXJ3ckZ0UNwGQFvToj7QB2P9AG7tBLBED2d2vcDFinmIOeeryI76HXUYfS36K2nnelIAcz8+k2ylEQ==",
      "license": "MIT",
      "engines": {
        "node": ">=18.0.0"
      }
    }
  }
}
