{
  "name": "@rtbnext/schema",
  "version": "2.0.0",
  "lockfileVersion": 3,
  "requires": true,
  "packages": {
    "": {
      "name": "@rtbnext/schema",
      "version": "2.0.0",
      "license": "MIT",
      "dependencies": {
        "devtypes": "^1.0.1"
      }
    },
    "node_modules/devtypes": {
      "version": "1.0.1",
      "resolved": "https://registry.npmjs.org/devtypes/-/devtypes-1.0.1.tgz",
      "integrity": "sha512-MJ9fKQXzi5NtvJXKMAcfUZ40iJuxV8PPaV431nA43ORU8Y6uxz7gTbGvevmqL6cetiiOU4Y53o+wMruuel/Dwg==",
      "license": "MIT",
      "engines": {
        "node": ">=18.0.0"
      }
    }
  }
}
